
Microsoft Visual Studio Solution File, Format Version 12.00
# Visual Studio Version 17
VisualStudioVersion = 17.4.33213.308
MinimumVisualStudioVersion = 10.0.40219.1
Project("{8BC9CEB8-8B4A-11D0-8D11-00A0C91BC942}") = "whileEmpresaSueldos", "whileEmpresaSueldos\whileEmpresaSueldos.vcxproj", "{C4365131-D2FD-4629-B952-9A97EA353F65}"
EndProject
Global
	GlobalSection(SolutionConfigurationPlatforms) = preSolution
		Debug|x64 = Debug|x64
		Debug|x86 = Debug|x86
		Release|x64 = Release|x64
		Release|x86 = Release|x86
	EndGlobalSection
	GlobalSection(ProjectConfigurationPlatforms) = postSolution
		{C4365131-D2FD-4629-B952-9A97EA353F65}.Debug|x64.ActiveCfg = Debug|x64
		{C4365131-D2FD-4629-B952-9A97EA353F65}.Debug|x64.Build.0 = Debug|x64
		{C4365131-D2FD-4629-B952-9A97EA353F65}.Debug|x86.ActiveCfg = Debug|Win32
		{C4365131-D2FD-4629-B952-9A97EA353F65}.Debug|x86.Build.0 = Debug|Win32
		{C4365131-D2FD-4629-B952-9A97EA353F65}.Release|x64.ActiveCfg = Release|x64
		{C4365131-D2FD-4629-B952-9A97EA353F65}.Release|x64.Build.0 = Release|x64
		{C4365131-D2FD-4629-B952-9A97EA353F65}.Release|x86.ActiveCfg = Release|Win32
		{C4365131-D2FD-4629-B952-9A97EA353F65}.Release|x86.Build.0 = Release|Win32
	EndGlobalSection
	GlobalSection(SolutionProperties) = preSolution
		HideSolutionNode = FALSE
	EndGlobalSection
	GlobalSection(ExtensibilityGlobals) = postSolution
		SolutionGuid = {84078161-2559-4B96-A5CB-AD17E6C98831}
	EndGlobalSection
EndGlobal
